// !$*UTF8*$!
{
	archiveVersion = 1;
	classes = {
	};
	objectVersion = 46;
	objects = {

/* Begin PBXBuildFile section */
		9A2FB0C91C9F76BB00E7C4BC /* AppDelegate.swift in Sources */ = {isa = PBXBuildFile; fileRef = 9A2FB0C81C9F76BB00E7C4BC /* AppDelegate.swift */; };
		9A2FB0CE1C9F76BB00E7C4BC /* Main.storyboard in Resources */ = {isa = PBXBuildFile; fileRef = 9A2FB0CC1C9F76BB00E7C4BC /* Main.storyboard */; };
		9A2FB0D01C9F76BB00E7C4BC /* Assets.xcassets in Resources */ = {isa = PBXBuildFile; fileRef = 9A2FB0CF1C9F76BB00E7C4BC /* Assets.xcassets */; };
		9A2FB0D31C9F76BB00E7C4BC /* LaunchScreen.storyboard in Resources */ = {isa = PBXBuildFile; fileRef = 9A2FB0D11C9F76BB00E7C4BC /* LaunchScreen.storyboard */; };
		9A2FB0DE1C9F76BB00E7C4BC /* EUStatesTests.swift in Sources */ = {isa = PBXBuildFile; fileRef = 9A2FB0DD1C9F76BB00E7C4BC /* EUStatesTests.swift */; };
		9A2FB0E91C9F76BB00E7C4BC /* EUStatesUITests.swift in Sources */ = {isa = PBXBuildFile; fileRef = 9A2FB0E81C9F76BB00E7C4BC /* EUStatesUITests.swift */; };
		9A2FB0F71C9F779F00E7C4BC /* StatesViewController.swift in Sources */ = {isa = PBXBuildFile; fileRef = 9A2FB0F61C9F779F00E7C4BC /* StatesViewController.swift */; };
/* End PBXBuildFile section */

/* Begin PBXContainerItemProxy section */
		9A2FB0DA1C9F76BB00E7C4BC /* PBXContainerItemProxy */ = {
			isa = PBXContainerItemProxy;
			containerPortal = 9A2FB0BD1C9F76BB00E7C4BC /* Project object */;
			proxyType = 1;
			remoteGlobalIDString = 9A2FB0C41C9F76BB00E7C4BC;
			remoteInfo = EUStates;
		};
		9A2FB0E51C9F76BB00E7C4BC /* PBXContainerItemProxy */ = {
			isa = PBXContainerItemProxy;
			containerPortal = 9A2FB0BD1C9F76BB00E7C4BC /* Project object */;
			proxyType = 1;
			remoteGlobalIDString = 9A2FB0C41C9F76BB00E7C4BC;
			remoteInfo = EUStates;
		};
/* End PBXContainerItemProxy section */

/* Begin PBXFileReference section */
		9A2FB0C51C9F76BB00E7C4BC /* EUStates.app */ = {isa = PBXFileReference; explicitFileType = wrapper.application; includeInIndex = 0; path = EUStates.app; sourceTree = BUILT_PRODUCTS_DIR; };
		9A2FB0C81C9F76BB00E7C4BC /* AppDelegate.swift */ = {isa = PBXFileReference; lastKnownFileType = sourcecode.swift; path = AppDelegate.swift; sourceTree = "<group>"; };
		9A2FB0CD1C9F76BB00E7C4BC /* Base */ = {isa = PBXFileReference; lastKnownFileType = file.storyboard; name = Base; path = Base.lproj/Main.storyboard; sourceTree = "<group>"; };
		9A2FB0CF1C9F76BB00E7C4BC /* Assets.xcassets */ = {isa = PBXFileReference; lastKnownFileType = folder.assetcatalog; path = Assets.xcassets; sourceTree = "<group>"; };
		9A2FB0D21C9F76BB00E7C4BC /* Base */ = {isa = PBXFileReference; lastKnownFileType = file.storyboard; name = Base; path = Base.lproj/LaunchScreen.storyboard; sourceTree = "<group>"; };
		9A2FB0D41C9F76BB00E7C4BC /* Info.plist */ = {isa = PBXFileReference; lastKnownFileType = text.plist.xml; path = Info.plist; sourceTree = "<group>"; };
		9A2FB0D91C9F76BB00E7C4BC /* EUStatesTests.xctest */ = {isa = PBXFileReference; explicitFileType = wrapper.cfbundle; includeInIndex = 0; path = EUStatesTests.xctest; sourceTree = BUILT_PRODUCTS_DIR; };
		9A2FB0DD1C9F76BB00E7C4BC /* EUStatesTests.swift */ = {isa = PBXFileReference; lastKnownFileType = sourcecode.swift; path = EUStatesTests.swift; sourceTree = "<group>"; };
		9A2FB0DF1C9F76BB00E7C4BC /* Info.plist */ = {isa = PBXFileReference; lastKnownFileType = text.plist.xml; path = Info.plist; sourceTree = "<group>"; };
		9A2FB0E41C9F76BB00E7C4BC /* EUStatesUITests.xctest */ = {isa = PBXFileReference; explicitFileType = wrapper.cfbundle; includeInIndex = 0; path = EUStatesUITests.xctest; sourceTree = BUILT_PRODUCTS_DIR; };
		9A2FB0E81C9F76BB00E7C4BC /* EUStatesUITests.swift */ = {isa = PBXFileReference; lastKnownFileType = sourcecode.swift; path = EUStatesUITests.swift; sourceTree = "<group>"; };
		9A2FB0EA1C9F76BB00E7C4BC /* Info.plist */ = {isa = PBXFileReference; lastKnownFileType = text.plist.xml; path = Info.plist; sourceTree = "<group>"; };
		9A2FB0F61C9F779F00E7C4BC /* StatesViewController.swift */ = {isa = PBXFileReference; fileEncoding = 4; lastKnownFileType = sourcecode.swift; name = StatesViewController.swift; path = ../StatesViewController.swift; sourceTree = "<group>"; };
/* End PBXFileReference section */

/* Begin PBXFrameworksBuildPhase section */
		9A2FB0C21C9F76BB00E7C4BC /* Frameworks */ = {
			isa = PBXFrameworksBuildPhase;
			buildActionMask = 2147483647;
			files = (
			);
			runOnlyForDeploymentPostprocessing = 0;
		};
		9A2FB0D61C9F76BB00E7C4BC /* Frameworks */ = {
			isa = PBXFrameworksBuildPhase;
			buildActionMask = 2147483647;
			files = (
			);
			runOnlyForDeploymentPostprocessing = 0;
		};
		9A2FB0E11C9F76BB00E7C4BC /* Frameworks */ = {
			isa = PBXFrameworksBuildPhase;
			buildActionMask = 2147483647;
			files = (
			);
			runOnlyForDeploymentPostprocessing = 0;
		};
/* End PBXFrameworksBuildPhase section */

/* Begin PBXGroup section */
		9A2FB0BC1C9F76BB00E7C4BC = {
			isa = PBXGroup;
			children = (
				9A2FB0C71C9F76BB00E7C4BC /* EUStates */,
				9A2FB0DC1C9F76BB00E7C4BC /* EUStatesTests */,
				9A2FB0E71C9F76BB00E7C4BC /* EUStatesUITests */,
				9A2FB0C61C9F76BB00E7C4BC /* Products */,
			);
			sourceTree = "<group>";
		};
		9A2FB0C61C9F76BB00E7C4BC /* Products */ = {
			isa = PBXGroup;
			children = (
				9A2FB0C51C9F76BB00E7C4BC /* EUStates.app */,
				9A2FB0D91C9F76BB00E7C4BC /* EUStatesTests.xctest */,
				9A2FB0E41C9F76BB00E7C4BC /* EUStatesUITests.xctest */,
			);
			name = Products;
			sourceTree = "<group>";
		};
		9A2FB0C71C9F76BB00E7C4BC /* EUStates */ = {
			isa = PBXGroup;
			children = (
				9A2FB0F61C9F779F00E7C4BC /* StatesViewController.swift */,
				9A2FB0C81C9F76BB00E7C4BC /* AppDelegate.swift */,
				9A2FB0CC1C9F76BB00E7C4BC /* Main.storyboard */,
				9A2FB0CF1C9F76BB00E7C4BC /* Assets.xcassets */,
				9A2FB0D11C9F76BB00E7C4BC /* LaunchScreen.storyboard */,
				9A2FB0D41C9F76BB00E7C4BC /* Info.plist */,
			);
			path = EUStates;
			sourceTree = "<group>";
		};
		9A2FB0DC1C9F76BB00E7C4BC /* EUStatesTests */ = {
			isa = PBXGroup;
			children = (
				9A2FB0DD1C9F76BB00E7C4BC /* EUStatesTests.swift */,
				9A2FB0DF1C9F76BB00E7C4BC /* Info.plist */,
			);
			path = EUStatesTests;
			sourceTree = "<group>";
		};
		9A2FB0E71C9F76BB00E7C4BC /* EUStatesUITests */ = {
			isa = PBXGroup;
			children = (
				9A2FB0E81C9F76BB00E7C4BC /* EUStatesUITests.swift */,
				9A2FB0EA1C9F76BB00E7C4BC /* Info.plist */,
			);
			path = EUStatesUITests;
			sourceTree = "<group>";
		};
/* End PBXGroup section */

/* Begin PBXNativeTarget section */
		9A2FB0C41C9F76BB00E7C4BC /* EUStates */ = {
			isa = PBXNativeTarget;
			buildConfigurationList = 9A2FB0ED1C9F76BB00E7C4BC /* Build configuration list for PBXNativeTarget "EUStates" */;
			buildPhases = (
				9A2FB0C11C9F76BB00E7C4BC /* Sources */,
				9A2FB0C21C9F76BB00E7C4BC /* Frameworks */,
				9A2FB0C31C9F76BB00E7C4BC /* Resources */,
			);
			buildRules = (
			);
			dependencies = (
			);
			name = EUStates;
			productName = EUStates;
			productReference = 9A2FB0C51C9F76BB00E7C4BC /* EUStates.app */;
			productType = "com.apple.product-type.application";
		};
		9A2FB0D81C9F76BB00E7C4BC /* EUStatesTests */ = {
			isa = PBXNativeTarget;
			buildConfigurationList = 9A2FB0F01C9F76BB00E7C4BC /* Build configuration list for PBXNativeTarget "EUStatesTests" */;
			buildPhases = (
				9A2FB0D51C9F76BB00E7C4BC /* Sources */,
				9A2FB0D61C9F76BB00E7C4BC /* Frameworks */,
				9A2FB0D71C9F76BB00E7C4BC /* Resources */,
			);
			buildRules = (
			);
			dependencies = (
				9A2FB0DB1C9F76BB00E7C4BC /* PBXTargetDependency */,
			);
			name = EUStatesTests;
			productName = EUStatesTests;
			productReference = 9A2FB0D91C9F76BB00E7C4BC /* EUStatesTests.xctest */;
			productType = "com.apple.product-type.bundle.unit-test";
		};
		9A2FB0E31C9F76BB00E7C4BC /* EUStatesUITests */ = {
			isa = PBXNativeTarget;
			buildConfigurationList = 9A2FB0F31C9F76BB00E7C4BC /* Build configuration list for PBXNativeTarget "EUStatesUITests" */;
			buildPhases = (
				9A2FB0E01C9F76BB00E7C4BC /* Sources */,
				9A2FB0E11C9F76BB00E7C4BC /* Frameworks */,
				9A2FB0E21C9F76BB00E7C4BC /* Resources */,
			);
			buildRules = (
			);
			dependencies = (
				9A2FB0E61C9F76BB00E7C4BC /* PBXTargetDependency */,
			);
			name = EUStatesUITests;
			productName = EUStatesUITests;
			productReference = 9A2FB0E41C9F76BB00E7C4BC /* EUStatesUITests.xctest */;
			productType = "com.apple.product-type.bundle.ui-testing";
		};
/* End PBXNativeTarget section */

/* Begin PBXProject section */
		9A2FB0BD1C9F76BB00E7C4BC /* Project object */ = {
			isa = PBXProject;
			attributes = {
				LastSwiftUpdateCheck = 0720;
				LastUpgradeCheck = 0720;
				ORGANIZATIONNAME = "Denise Bradley";
				TargetAttributes = {
					9A2FB0C41C9F76BB00E7C4BC = {
						CreatedOnToolsVersion = 7.2.1;
					};
					9A2FB0D81C9F76BB00E7C4BC = {
						CreatedOnToolsVersion = 7.2.1;
						TestTargetID = 9A2FB0C41C9F76BB00E7C4BC;
					};
					9A2FB0E31C9F76BB00E7C4BC = {
						CreatedOnToolsVersion = 7.2.1;
						TestTargetID = 9A2FB0C41C9F76BB00E7C4BC;
					};
				};
			};
			buildConfigurationList = 9A2FB0C01C9F76BB00E7C4BC /* Build configuration list for PBXProject "EUStates" */;
			compatibilityVersion = "Xcode 3.2";
			developmentRegion = English;
			hasScannedForEncodings = 0;
			knownRegions = (
				en,
				Base,
			);
			mainGroup = 9A2FB0BC1C9F76BB00E7C4BC;
			productRefGroup = 9A2FB0C61C9F76BB00E7C4BC /* Products */;
			projectDirPath = "";
			projectRoot = "";
			targets = (
				9A2FB0C41C9F76BB00E7C4BC /* EUStates */,
				9A2FB0D81C9F76BB00E7C4BC /* EUStatesTests */,
				9A2FB0E31C9F76BB00E7C4BC /* EUStatesUITests */,
			);
		};
/* End PBXProject section */

/* Begin PBXResourcesBuildPhase section */
		9A2FB0C31C9F76BB00E7C4BC /* Resources */ = {
			isa = PBXResourcesBuildPhase;
			buildActionMask = 2147483647;
			files = (
				9A2FB0D31C9F76BB00E7C4BC /* LaunchScreen.storyboard in Resources */,
				9A2FB0D01C9F76BB00E7C4BC /* Assets.xcassets in Resources */,
				9A2FB0CE1C9F76BB00E7C4BC /* Main.storyboard in Resources */,
			);
			runOnlyForDeploymentPostprocessing = 0;
		};
		9A2FB0D71C9F76BB00E7C4BC /* Resources */ = {
			isa = PBXResourcesBuildPhase;
			buildActionMask = 2147483647;
			files = (
			);
			runOnlyForDeploymentPostprocessing = 0;
		};
		9A2FB0E21C9F76BB00E7C4BC /* Resources */ = {
			isa = PBXResourcesBuildPhase;
			buildActionMask = 2147483647;
			files = (
			);
			runOnlyForDeploymentPostprocessing = 0;
		};
/* End PBXResourcesBuildPhase section */

/* Begin PBXSourcesBuildPhase section */
		9A2FB0C11C9F76BB00E7C4BC /* Sources */ = {
			isa = PBXSourcesBuildPhase;
			buildActionMask = 2147483647;
			files = (
				9A2FB0F71C9F779F00E7C4BC /* StatesViewController.swift in Sources */,
				9A2FB0C91C9F76BB00E7C4BC /* AppDelegate.swift in Sources */,
			);
			runOnlyForDeploymentPostprocessing = 0;
		};
		9A2FB0D51C9F76BB00E7C4BC /* Sources */ = {
			isa = PBXSourcesBuildPhase;
			buildActionMask = 2147483647;
			files = (
				9A2FB0DE1C9F76BB00E7C4BC /* EUStatesTests.swift in Sources */,
			);
			runOnlyForDeploymentPostprocessing = 0;
		};
		9A2FB0E01C9F76BB00E7C4BC /* Sources */ = {
			isa = PBXSourcesBuildPhase;
			buildActionMask = 2147483647;
			files = (
				9A2FB0E91C9F76BB00E7C4BC /* EUStatesUITests.swift in Sources */,
			);
			runOnlyForDeploymentPostprocessing = 0;
		};
/* End PBXSourcesBuildPhase section */

/* Begin PBXTargetDependency section */
		9A2FB0DB1C9F76BB00E7C4BC /* PBXTargetDependency */ = {
			isa = PBXTargetDependency;
			target = 9A2FB0C41C9F76BB00E7C4BC /* EUStates */;
			targetProxy = 9A2FB0DA1C9F76BB00E7C4BC /* PBXContainerItemProxy */;
		};
		9A2FB0E61C9F76BB00E7C4BC /* PBXTargetDependency */ = {
			isa = PBXTargetDependency;
			target = 9A2FB0C41C9F76BB00E7C4BC /* EUStates */;
			targetProxy = 9A2FB0E51C9F76BB00E7C4BC /* PBXContainerItemProxy */;
		};
/* End PBXTargetDependency section */

/* Begin PBXVariantGroup section */
		9A2FB0CC1C9F76BB00E7C4BC /* Main.storyboard */ = {
			isa = PBXVariantGroup;
			children = (
				9A2FB0CD1C9F76BB00E7C4BC /* Base */,
			);
			name = Main.storyboard;
			sourceTree = "<group>";
		};
		9A2FB0D11C9F76BB00E7C4BC /* LaunchScreen.storyboard */ = {
			isa = PBXVariantGroup;
			children = (
				9A2FB0D21C9F76BB00E7C4BC /* Base */,
			);
			name = LaunchScreen.storyboard;
			sourceTree = "<group>";
		};
/* End PBXVariantGroup section */

/* Begin XCBuildConfiguration section */
		9A2FB0EB1C9F76BB00E7C4BC /* Debug */ = {
			isa = XCBuildConfiguration;
			buildSettings = {
				ALWAYS_SEARCH_USER_PATHS = NO;
				CLANG_CXX_LANGUAGE_STANDARD = "gnu++0x";
				CLANG_CXX_LIBRARY = "libc++";
				CLANG_ENABLE_MODULES = YES;
				CLANG_ENABLE_OBJC_ARC = YES;
				CLANG_WARN_BOOL_CONVERSION = YES;
				CLANG_WARN_CONSTANT_CONVERSION = YES;
				CLANG_WARN_DIRECT_OBJC_ISA_USAGE = YES_ERROR;
				CLANG_WARN_EMPTY_BODY = YES;
				CLANG_WARN_ENUM_CONVERSION = YES;
				CLANG_WARN_INT_CONVERSION = YES;
				CLANG_WARN_OBJC_ROOT_CLASS = YES_ERROR;
				CLANG_WARN_UNREACHABLE_CODE = YES;
				CLANG_WARN__DUPLICATE_METHOD_MATCH = YES;
				"CODE_SIGN_IDENTITY[sdk=iphoneos*]" = "iPhone Developer";
				COPY_PHASE_STRIP = NO;
				DEBUG_INFORMATION_FORMAT = dwarf;
				ENABLE_STRICT_OBJC_MSGSEND = YES;
				ENABLE_TESTABILITY = YES;
				GCC_C_LANGUAGE_STANDARD = gnu99;
				GCC_DYNAMIC_NO_PIC = NO;
				GCC_NO_COMMON_BLOCKS = YES;
				GCC_OPTIMIZATION_LEVEL = 0;
				GCC_PREPROCESSOR_DEFINITIONS = (
					"DEBUG=1",
					"$(inherited)",
				);
				GCC_WARN_64_TO_32_BIT_CONVERSION = YES;
				GCC_WARN_ABOUT_RETURN_TYPE = YES_ERROR;
				GCC_WARN_UNDECLARED_SELECTOR = YES;
				GCC_WARN_UNINITIALIZED_AUTOS = YES_AGGRESSIVE;
				GCC_WARN_UNUSED_FUNCTION = YES;
				GCC_WARN_UNUSED_VARIABLE = YES;
				IPHONEOS_DEPLOYMENT_TARGET = 9.2;
				MTL_ENABLE_DEBUG_INFO = YES;
				ONLY_ACTIVE_ARCH = YES;
				SDKROOT = iphoneos;
				SWIFT_OPTIMIZATION_LEVEL = "-Onone";
			};
			name = Debug;
		};
		9A2FB0EC1C9F76BB00E7C4BC /* Release */ = {
			isa = XCBuildConfiguration;
			buildSettings = {
				ALWAYS_SEARCH_USER_PATHS = NO;
				CLANG_CXX_LANGUAGE_STANDARD = "gnu++0x";
				CLANG_CXX_LIBRARY = "libc++";
				CLANG_ENABLE_MODULES = YES;
				CLANG_ENABLE_OBJC_ARC = YES;
				CLANG_WARN_BOOL_CONVERSION = YES;
				CLANG_WARN_CONSTANT_CONVERSION = YES;
				CLANG_WARN_DIRECT_OBJC_ISA_USAGE = YES_ERROR;
				CLANG_WARN_EMPTY_BODY = YES;
				CLANG_WARN_ENUM_CONVERSION = YES;
				CLANG_WARN_INT_CONVERSION = YES;
				CLANG_WARN_OBJC_ROOT_CLASS = YES_ERROR;
				CLANG_WARN_UNREACHABLE_CODE = YES;
				CLANG_WARN__DUPLICATE_METHOD_MATCH = YES;
				"CODE_SIGN_IDENTITY[sdk=iphoneos*]" = "iPhone Developer";
				COPY_PHASE_STRIP = NO;
				DEBUG_INFORMATION_FORMAT = "dwarf-with-dsym";
				ENABLE_NS_ASSERTIONS = NO;
				ENABLE_STRICT_OBJC_MSGSEND = YES;
				GCC_C_LANGUAGE_STANDARD = gnu99;
				GCC_NO_COMMON_BLOCKS = YES;
				GCC_WARN_64_TO_32_BIT_CONVERSION = YES;
				GCC_WARN_ABOUT_RETURN_TYPE = YES_ERROR;
				GCC_WARN_UNDECLARED_SELECTOR = YES;
				GCC_WARN_UNINITIALIZED_AUTOS = YES_AGGRESSIVE;
				GCC_WARN_UNUSED_FUNCTION = YES;
				GCC_WARN_UNUSED_VARIABLE = YES;
				IPHONEOS_DEPLOYMENT_TARGET = 9.2;
				MTL_ENABLE_DEBUG_INFO = NO;
				SDKROOT = iphoneos;
				VALIDATE_PRODUCT = YES;
			};
			name = Release;
		};
		9A2FB0EE1C9F76BB00E7C4BC /* Debug */ = {
			isa = XCBuildConfiguration;
			buildSettings = {
				ASSETCATALOG_COMPILER_APPICON_NAME = AppIcon;
				INFOPLIST_FILE = EUStates/Info.plist;
				LD_RUNPATH_SEARCH_PATHS = "$(inherited) @executable_path/Frameworks";
				PRODUCT_BUNDLE_IDENTIFIER = com.bradley.EUStates;
				PRODUCT_NAME = "$(TARGET_NAME)";
			};
			name = Debug;
		};
		9A2FB0EF1C9F76BB00E7C4BC /* Release */ = {
			isa = XCBuildConfiguration;
			buildSettings = {
				ASSETCATALOG_COMPILER_APPICON_NAME = AppIcon;
				INFOPLIST_FILE = EUStates/Info.plist;
				LD_RUNPATH_SEARCH_PATHS = "$(inherited) @executable_path/Frameworks";
				PRODUCT_BUNDLE_IDENTIFIER = com.bradley.EUStates;
				PRODUCT_NAME = "$(TARGET_NAME)";
			};
			name = Release;
		};
		9A2FB0F11C9F76BB00E7C4BC /* Debug */ = {
			isa = XCBuildConfiguration;
			buildSettings = {
				BUNDLE_LOADER = "$(TEST_HOST)";
				INFOPLIST_FILE = EUStatesTests/Info.plist;
				LD_RUNPATH_SEARCH_PATHS = "$(inherited) @executable_path/Frameworks @loader_path/Frameworks";
				PRODUCT_BUNDLE_IDENTIFIER = com.bradley.EUStatesTests;
				PRODUCT_NAME = "$(TARGET_NAME)";
				TEST_HOST = "$(BUILT_PRODUCTS_DIR)/EUStates.app/EUStates";
			};
			name = Debug;
		};
		9A2FB0F21C9F76BB00E7C4BC /* Release */ = {
			isa = XCBuildConfiguration;
			buildSettings = {
				BUNDLE_LOADER = "$(TEST_HOST)";
				INFOPLIST_FILE = EUStatesTests/Info.plist;
				LD_RUNPATH_SEARCH_PATHS = "$(inherited) @executable_path/Frameworks @loader_path/Frameworks";
				PRODUCT_BUNDLE_IDENTIFIER = com.bradley.EUStatesTests;
				PRODUCT_NAME = "$(TARGET_NAME)";
				TEST_HOST = "$(BUILT_PRODUCTS_DIR)/EUStates.app/EUStates";
			};
			name = Release;
		};
		9A2FB0F41C9F76BB00E7C4BC /* Debug */ = {
			isa = XCBuildConfiguration;
			buildSettings = {
				INFOPLIST_FILE = EUStatesUITests/Info.plist;
				LD_RUNPATH_SEARCH_PATHS = "$(inherited) @executable_path/Frameworks @loader_path/Frameworks";
				PRODUCT_BUNDLE_IDENTIFIER = com.bradley.EUStatesUITests;
				PRODUCT_NAME = "$(TARGET_NAME)";
				TEST_TARGET_NAME = EUStates;
				USES_XCTRUNNER = YES;
			};
			name = Debug;
		};
		9A2FB0F51C9F76BB00E7C4BC /* Release */ = {
			isa = XCBuildConfiguration;
			buildSettings = {
				INFOPLIST_FILE = EUStatesUITests/Info.plist;
				LD_RUNPATH_SEARCH_PATHS = "$(inherited) @executable_path/Frameworks @loader_path/Frameworks";
				PRODUCT_BUNDLE_IDENTIFIER = com.bradley.EUStatesUITests;
				PRODUCT_NAME = "$(TARGET_NAME)";
				TEST_TARGET_NAME = EUStates;
				USES_XCTRUNNER = YES;
			};
			name = Release;
		};
/* End XCBuildConfiguration section */

/* Begin XCConfigurationList section */
		9A2FB0C01C9F76BB00E7C4BC /* Build configuration list for PBXProject "EUStates" */ = {
			isa = XCConfigurationList;
			buildConfigurations = (
				9A2FB0EB1C9F76BB00E7C4BC /* Debug */,
				9A2FB0EC1C9F76BB00E7C4BC /* Release */,
			);
			defaultConfigurationIsVisible = 0;
			defaultConfigurationName = Release;
		};
		9A2FB0ED1C9F76BB00E7C4BC /* Build configuration list for PBXNativeTarget "EUStates" */ = {
			isa = XCConfigurationList;
			buildConfigurations = (
				9A2FB0EE1C9F76BB00E7C4BC /* Debug */,
				9A2FB0EF1C9F76BB00E7C4BC /* Release */,
			);
			defaultConfigurationIsVisible = 0;
		};
		9A2FB0F01C9F76BB00E7C4BC /* Build configuration list for PBXNativeTarget "EUStatesTests" */ = {
			isa = XCConfigurationList;
			buildConfigurations = (
				9A2FB0F11C9F76BB00E7C4BC /* Debug */,
				9A2FB0F21C9F76BB00E7C4BC /* Release */,
			);
			defaultConfigurationIsVisible = 0;
		};
		9A2FB0F31C9F76BB00E7C4BC /* Build configuration list for PBXNativeTarget "EUStatesUITests" */ = {
			isa = XCConfigurationList;
			buildConfigurations = (
				9A2FB0F41C9F76BB00E7C4BC /* Debug */,
				9A2FB0F51C9F76BB00E7C4BC /* Release */,
			);
			defaultConfigurationIsVisible = 0;
		};
/* End XCConfigurationList section */
	};
	rootObject = 9A2FB0BD1C9F76BB00E7C4BC /* Project object */;
}
